
Microsoft Visual Studio Solution File, Format Version 12.00
Project("{FAE04EC0-301F-11D3-BF4B-00C04F79EFBC}") = "MvcToTheCloud", "MvcToTheCloud\MvcToTheCloud.csproj", "{420AF9E0-4102-42BC-8264-65E44BA39001}"
EndProject
Global
	GlobalSection(SolutionConfigurationPlatforms) = preSolution
		Debug|Any CPU = Debug|Any CPU
		Release|Any CPU = Release|Any CPU
	EndGlobalSection
	GlobalSection(ProjectConfigurationPlatforms) = postSolution
		{420AF9E0-4102-42BC-8264-65E44BA39001}.Debug|Any CPU.ActiveCfg = Debug|Any CPU
		{420AF9E0-4102-42BC-8264-65E44BA39001}.Debug|Any CPU.Build.0 = Debug|Any CPU
		{420AF9E0-4102-42BC-8264-65E44BA39001}.Release|Any CPU.ActiveCfg = Release|Any CPU
		{420AF9E0-4102-42BC-8264-65E44BA39001}.Release|Any CPU.Build.0 = Release|Any CPU
	EndGlobalSection
EndGlobal
